// !$*UTF8*$!
{
	archiveVersion = 1;
	classes = {
	};
	objectVersion = 50;
	objects = {

/* Begin PBXBuildFile section */
		C4EFF88E26A0B24200744512 /* AppDelegate.swift in Sources */ = {isa = PBXBuildFile; fileRef = C4EFF88D26A0B24200744512 /* AppDelegate.swift */; };
		C4EFF89026A0B24200744512 /* SceneDelegate.swift in Sources */ = {isa = PBXBuildFile; fileRef = C4EFF88F26A0B24200744512 /* SceneDelegate.swift */; };
		C4EFF89226A0B24200744512 /* ViewController.swift in Sources */ = {isa = PBXBuildFile; fileRef = C4EFF89126A0B24200744512 /* ViewController.swift */; };
		C4EFF89526A0B24200744512 /* Main.storyboard in Resources */ = {isa = PBXBuildFile; fileRef = C4EFF89326A0B24200744512 /* Main.storyboard */; };
		C4EFF89826A0B24200744512 /* Ask_Me_Anything_Version_2.xcdatamodeld in Sources */ = {isa = PBXBuildFile; fileRef = C4EFF89626A0B24200744512 /* Ask_Me_Anything_Version_2.xcdatamodeld */; };
		C4EFF89A26A0B24400744512 /* Assets.xcassets in Resources */ = {isa = PBXBuildFile; fileRef = C4EFF89926A0B24400744512 /* Assets.xcassets */; };
		C4EFF89D26A0B24400744512 /* LaunchScreen.storyboard in Resources */ = {isa = PBXBuildFile; fileRef = C4EFF89B26A0B24400744512 /* LaunchScreen.storyboard */; };
/* End PBXBuildFile section */

/* Begin PBXFileReference section */
		C4EFF88A26A0B24200744512 /* Ask Me Anything Version 2.app */ = {isa = PBXFileReference; explicitFileType = wrapper.application; includeInIndex = 0; path = "Ask Me Anything Version 2.app"; sourceTree = BUILT_PRODUCTS_DIR; };
		C4EFF88D26A0B24200744512 /* AppDelegate.swift */ = {isa = PBXFileReference; lastKnownFileType = sourcecode.swift; path = AppDelegate.swift; sourceTree = "<group>"; };
		C4EFF88F26A0B24200744512 /* SceneDelegate.swift */ = {isa = PBXFileReference; lastKnownFileType = sourcecode.swift; path = SceneDelegate.swift; sourceTree = "<group>"; };
		C4EFF89126A0B24200744512 /* ViewController.swift */ = {isa = PBXFileReference; lastKnownFileType = sourcecode.swift; path = ViewController.swift; sourceTree = "<group>"; };
		C4EFF89426A0B24200744512 /* Base */ = {isa = PBXFileReference; lastKnownFileType = file.storyboard; name = Base; path = Base.lproj/Main.storyboard; sourceTree = "<group>"; };
		C4EFF89726A0B24200744512 /* Ask_Me_Anything_Version_2.xcdatamodel */ = {isa = PBXFileReference; lastKnownFileType = wrapper.xcdatamodel; path = Ask_Me_Anything_Version_2.xcdatamodel; sourceTree = "<group>"; };
		C4EFF89926A0B24400744512 /* Assets.xcassets */ = {isa = PBXFileReference; lastKnownFileType = folder.assetcatalog; path = Assets.xcassets; sourceTree = "<group>"; };
		C4EFF89C26A0B24400744512 /* Base */ = {isa = PBXFileReference; lastKnownFileType = file.storyboard; name = Base; path = Base.lproj/LaunchScreen.storyboard; sourceTree = "<group>"; };
		C4EFF89E26A0B24400744512 /* Info.plist */ = {isa = PBXFileReference; lastKnownFileType = text.plist.xml; path = Info.plist; sourceTree = "<group>"; };
/* End PBXFileReference section */

/* Begin PBXFrameworksBuildPhase section */
		C4EFF88726A0B24200744512 /* Frameworks */ = {
			isa = PBXFrameworksBuildPhase;
			buildActionMask = 2147483647;
			files = (
			);
			runOnlyForDeploymentPostprocessing = 0;
		};
/* End PBXFrameworksBuildPhase section */

/* Begin PBXGroup section */
		C4EFF88126A0B24200744512 = {
			isa = PBXGroup;
			children = (
				C4EFF88C26A0B24200744512 /* Ask Me Anything Version 2 */,
				C4EFF88B26A0B24200744512 /* Products */,
			);
			sourceTree = "<group>";
		};
		C4EFF88B26A0B24200744512 /* Products */ = {
			isa = PBXGroup;
			children = (
				C4EFF88A26A0B24200744512 /* Ask Me Anything Version 2.app */,
			);
			name = Products;
			sourceTree = "<group>";
		};
		C4EFF88C26A0B24200744512 /* Ask Me Anything Version 2 */ = {
			isa = PBXGroup;
			children = (
				C4EFF88D26A0B24200744512 /* AppDelegate.swift */,
				C4EFF88F26A0B24200744512 /* SceneDelegate.swift */,
				C4EFF89126A0B24200744512 /* ViewController.swift */,
				C4EFF89326A0B24200744512 /* Main.storyboard */,
				C4EFF89926A0B24400744512 /* Assets.xcassets */,
				C4EFF89B26A0B24400744512 /* LaunchScreen.storyboard */,
				C4EFF89E26A0B24400744512 /* Info.plist */,
				C4EFF89626A0B24200744512 /* Ask_Me_Anything_Version_2.xcdatamodeld */,
			);
			path = "Ask Me Anything Version 2";
			sourceTree = "<group>";
		};
/* End PBXGroup section */

/* Begin PBXNativeTarget section */
		C4EFF88926A0B24200744512 /* Ask Me Anything Version 2 */ = {
			isa = PBXNativeTarget;
			buildConfigurationList = C4EFF8A126A0B24400744512 /* Build configuration list for PBXNativeTarget "Ask Me Anything Version 2" */;
			buildPhases = (
				C4EFF88626A0B24200744512 /* Sources */,
				C4EFF88726A0B24200744512 /* Frameworks */,
				C4EFF88826A0B24200744512 /* Resources */,
			);
			buildRules = (
			);
			dependencies = (
			);
			name = "Ask Me Anything Version 2";
			productName = "Ask Me Anything Version 2";
			productReference = C4EFF88A26A0B24200744512 /* Ask Me Anything Version 2.app */;
			productType = "com.apple.product-type.application";
		};
/* End PBXNativeTarget section */

/* Begin PBXProject section */
		C4EFF88226A0B24200744512 /* Project object */ = {
			isa = PBXProject;
			attributes = {
				LastSwiftUpdateCheck = 1250;
				LastUpgradeCheck = 1250;
				TargetAttributes = {
					C4EFF88926A0B24200744512 = {
						CreatedOnToolsVersion = 12.5.1;
					};
				};
			};
			buildConfigurationList = C4EFF88526A0B24200744512 /* Build configuration list for PBXProject "Ask Me Anything Version 2" */;
			compatibilityVersion = "Xcode 9.3";
			developmentRegion = en;
			hasScannedForEncodings = 0;
			knownRegions = (
				en,
				Base,
			);
			mainGroup = C4EFF88126A0B24200744512;
			productRefGroup = C4EFF88B26A0B24200744512 /* Products */;
			projectDirPath = "";
			projectRoot = "";
			targets = (
				C4EFF88926A0B24200744512 /* Ask Me Anything Version 2 */,
			);
		};
/* End PBXProject section */

/* Begin PBXResourcesBuildPhase section */
		C4EFF88826A0B24200744512 /* Resources */ = {
			isa = PBXResourcesBuildPhase;
			buildActionMask = 2147483647;
			files = (
				C4EFF89D26A0B24400744512 /* LaunchScreen.storyboard in Resources */,
				C4EFF89A26A0B24400744512 /* Assets.xcassets in Resources */,
				C4EFF89526A0B24200744512 /* Main.storyboard in Resources */,
			);
			runOnlyForDeploymentPostprocessing = 0;
		};
/* End PBXResourcesBuildPhase section */

/* Begin PBXSourcesBuildPhase section */
		C4EFF88626A0B24200744512 /* Sources */ = {
			isa = PBXSourcesBuildPhase;
			buildActionMask = 2147483647;
			files = (
				C4EFF89226A0B24200744512 /* ViewController.swift in Sources */,
				C4EFF89826A0B24200744512 /* Ask_Me_Anything_Version_2.xcdatamodeld in Sources */,
				C4EFF88E26A0B24200744512 /* AppDelegate.swift in Sources */,
				C4EFF89026A0B24200744512 /* SceneDelegate.swift in Sources */,
			);
			runOnlyForDeploymentPostprocessing = 0;
		};
/* End PBXSourcesBuildPhase section */

/* Begin PBXVariantGroup section */
		C4EFF89326A0B24200744512 /* Main.storyboard */ = {
			isa = PBXVariantGroup;
			children = (
				C4EFF89426A0B24200744512 /* Base */,
			);
			name = Main.storyboard;
			sourceTree = "<group>";
		};
		C4EFF89B26A0B24400744512 /* LaunchScreen.storyboard */ = {
			isa = PBXVariantGroup;
			children = (
				C4EFF89C26A0B24400744512 /* Base */,
			);
			name = LaunchScreen.storyboard;
			sourceTree = "<group>";
		};
/* End PBXVariantGroup section */

/* Begin XCBuildConfiguration section */
		C4EFF89F26A0B24400744512 /* Debug */ = {
			isa = XCBuildConfiguration;
			buildSettings = {
				ALWAYS_SEARCH_USER_PATHS = NO;
				CLANG_ANALYZER_NONNULL = YES;
				CLANG_ANALYZER_NUMBER_OBJECT_CONVERSION = YES_AGGRESSIVE;
				CLANG_CXX_LANGUAGE_STANDARD = "gnu++14";
				CLANG_CXX_LIBRARY = "libc++";
				CLANG_ENABLE_MODULES = YES;
				CLANG_ENABLE_OBJC_ARC = YES;
				CLANG_ENABLE_OBJC_WEAK = YES;
				CLANG_WARN_BLOCK_CAPTURE_AUTORELEASING = YES;
				CLANG_WARN_BOOL_CONVERSION = YES;
				CLANG_WARN_COMMA = YES;
				CLANG_WARN_CONSTANT_CONVERSION = YES;
				CLANG_WARN_DEPRECATED_OBJC_IMPLEMENTATIONS = YES;
				CLANG_WARN_DIRECT_OBJC_ISA_USAGE = YES_ERROR;
				CLANG_WARN_DOCUMENTATION_COMMENTS = YES;
				CLANG_WARN_EMPTY_BODY = YES;
				CLANG_WARN_ENUM_CONVERSION = YES;
				CLANG_WARN_INFINITE_RECURSION = YES;
				CLANG_WARN_INT_CONVERSION = YES;
				CLANG_WARN_NON_LITERAL_NULL_CONVERSION = YES;
				CLANG_WARN_OBJC_IMPLICIT_RETAIN_SELF = YES;
				CLANG_WARN_OBJC_LITERAL_CONVERSION = YES;
				CLANG_WARN_OBJC_ROOT_CLASS = YES_ERROR;
				CLANG_WARN_QUOTED_INCLUDE_IN_FRAMEWORK_HEADER = YES;
				CLANG_WARN_RANGE_LOOP_ANALYSIS = YES;
				CLANG_WARN_STRICT_PROTOTYPES = YES;
				CLANG_WARN_SUSPICIOUS_MOVE = YES;
				CLANG_WARN_UNGUARDED_AVAILABILITY = YES_AGGRESSIVE;
				CLANG_WARN_UNREACHABLE_CODE = YES;
				CLANG_WARN__DUPLICATE_METHOD_MATCH = YES;
				COPY_PHASE_STRIP = NO;
				DEBUG_INFORMATION_FORMAT = dwarf;
				ENABLE_STRICT_OBJC_MSGSEND = YES;
				ENABLE_TESTABILITY = YES;
				GCC_C_LANGUAGE_STANDARD = gnu11;
				GCC_DYNAMIC_NO_PIC = NO;
				GCC_NO_COMMON_BLOCKS = YES;
				GCC_OPTIMIZATION_LEVEL = 0;
				GCC_PREPROCESSOR_DEFINITIONS = (
					"DEBUG=1",
					"$(inherited)",
				);
				GCC_WARN_64_TO_32_BIT_CONVERSION = YES;
				GCC_WARN_ABOUT_RETURN_TYPE = YES_ERROR;
				GCC_WARN_UNDECLARED_SELECTOR = YES;
				GCC_WARN_UNINITIALIZED_AUTOS = YES_AGGRESSIVE;
				GCC_WARN_UNUSED_FUNCTION = YES;
				GCC_WARN_UNUSED_VARIABLE = YES;
				IPHONEOS_DEPLOYMENT_TARGET = 14.5;
				MTL_ENABLE_DEBUG_INFO = INCLUDE_SOURCE;
				MTL_FAST_MATH = YES;
				ONLY_ACTIVE_ARCH = YES;
				SDKROOT = iphoneos;
				SWIFT_ACTIVE_COMPILATION_CONDITIONS = DEBUG;
				SWIFT_OPTIMIZATION_LEVEL = "-Onone";
			};
			name = Debug;
		};
		C4EFF8A026A0B24400744512 /* Release */ = {
			isa = XCBuildConfiguration;
			buildSettings = {
				ALWAYS_SEARCH_USER_PATHS = NO;
				CLANG_ANALYZER_NONNULL = YES;
				CLANG_ANALYZER_NUMBER_OBJECT_CONVERSION = YES_AGGRESSIVE;
				CLANG_CXX_LANGUAGE_STANDARD = "gnu++14";
				CLANG_CXX_LIBRARY = "libc++";
				CLANG_ENABLE_MODULES = YES;
				CLANG_ENABLE_OBJC_ARC = YES;
				CLANG_ENABLE_OBJC_WEAK = YES;
				CLANG_WARN_BLOCK_CAPTURE_AUTORELEASING = YES;
				CLANG_WARN_BOOL_CONVERSION = YES;
				CLANG_WARN_COMMA = YES;
				CLANG_WARN_CONSTANT_CONVERSION = YES;
				CLANG_WARN_DEPRECATED_OBJC_IMPLEMENTATIONS = YES;
				CLANG_WARN_DIRECT_OBJC_ISA_USAGE = YES_ERROR;
				CLANG_WARN_DOCUMENTATION_COMMENTS = YES;
				CLANG_WARN_EMPTY_BODY = YES;
				CLANG_WARN_ENUM_CONVERSION = YES;
				CLANG_WARN_INFINITE_RECURSION = YES;
				CLANG_WARN_INT_CONVERSION = YES;
				CLANG_WARN_NON_LITERAL_NULL_CONVERSION = YES;
				CLANG_WARN_OBJC_IMPLICIT_RETAIN_SELF = YES;
				CLANG_WARN_OBJC_LITERAL_CONVERSION = YES;
				CLANG_WARN_OBJC_ROOT_CLASS = YES_ERROR;
				CLANG_WARN_QUOTED_INCLUDE_IN_FRAMEWORK_HEADER = YES;
				CLANG_WARN_RANGE_LOOP_ANALYSIS = YES;
				CLANG_WARN_STRICT_PROTOTYPES = YES;
				CLANG_WARN_SUSPICIOUS_MOVE = YES;
				CLANG_WARN_UNGUARDED_AVAILABILITY = YES_AGGRESSIVE;
				CLANG_WARN_UNREACHABLE_CODE = YES;
				CLANG_WARN__DUPLICATE_METHOD_MATCH = YES;
				COPY_PHASE_STRIP = NO;
				DEBUG_INFORMATION_FORMAT = "dwarf-with-dsym";
				ENABLE_NS_ASSERTIONS = NO;
				ENABLE_STRICT_OBJC_MSGSEND = YES;
				GCC_C_LANGUAGE_STANDARD = gnu11;
				GCC_NO_COMMON_BLOCKS = YES;
				GCC_WARN_64_TO_32_BIT_CONVERSION = YES;
				GCC_WARN_ABOUT_RETURN_TYPE = YES_ERROR;
				GCC_WARN_UNDECLARED_SELECTOR = YES;
				GCC_WARN_UNINITIALIZED_AUTOS = YES_AGGRESSIVE;
				GCC_WARN_UNUSED_FUNCTION = YES;
				GCC_WARN_UNUSED_VARIABLE = YES;
				IPHONEOS_DEPLOYMENT_TARGET = 14.5;
				MTL_ENABLE_DEBUG_INFO = NO;
				MTL_FAST_MATH = YES;
				SDKROOT = iphoneos;
				SWIFT_COMPILATION_MODE = wholemodule;
				SWIFT_OPTIMIZATION_LEVEL = "-O";
				VALIDATE_PRODUCT = YES;
			};
			name = Release;
		};
		C4EFF8A226A0B24400744512 /* Debug */ = {
			isa = XCBuildConfiguration;
			buildSettings = {
				ASSETCATALOG_COMPILER_APPICON_NAME = AppIcon;
				ASSETCATALOG_COMPILER_GLOBAL_ACCENT_COLOR_NAME = AccentColor;
				CODE_SIGN_STYLE = Automatic;
				DEVELOPMENT_TEAM = R9RYFDS978;
				INFOPLIST_FILE = "Ask Me Anything Version 2/Info.plist";
				LD_RUNPATH_SEARCH_PATHS = (
					"$(inherited)",
					"@executable_path/Frameworks",
				);
				PRODUCT_BUNDLE_IDENTIFIER = "ECC.Ask-Me-Anything-Version-2";
				PRODUCT_NAME = "$(TARGET_NAME)";
				SWIFT_VERSION = 5.0;
				TARGETED_DEVICE_FAMILY = "1,2";
			};
			name = Debug;
		};
		C4EFF8A326A0B24400744512 /* Release */ = {
			isa = XCBuildConfiguration;
			buildSettings = {
				ASSETCATALOG_COMPILER_APPICON_NAME = AppIcon;
				ASSETCATALOG_COMPILER_GLOBAL_ACCENT_COLOR_NAME = AccentColor;
				CODE_SIGN_STYLE = Automatic;
				DEVELOPMENT_TEAM = R9RYFDS978;
				INFOPLIST_FILE = "Ask Me Anything Version 2/Info.plist";
				LD_RUNPATH_SEARCH_PATHS = (
					"$(inherited)",
					"@executable_path/Frameworks",
				);
				PRODUCT_BUNDLE_IDENTIFIER = "ECC.Ask-Me-Anything-Version-2";
				PRODUCT_NAME = "$(TARGET_NAME)";
				SWIFT_VERSION = 5.0;
				TARGETED_DEVICE_FAMILY = "1,2";
			};
			name = Release;
		};
/* End XCBuildConfiguration section */

/* Begin XCConfigurationList section */
		C4EFF88526A0B24200744512 /* Build configuration list for PBXProject "Ask Me Anything Version 2" */ = {
			isa = XCConfigurationList;
			buildConfigurations = (
				C4EFF89F26A0B24400744512 /* Debug */,
				C4EFF8A026A0B24400744512 /* Release */,
			);
			defaultConfigurationIsVisible = 0;
			defaultConfigurationName = Release;
		};
		C4EFF8A126A0B24400744512 /* Build configuration list for PBXNativeTarget "Ask Me Anything Version 2" */ = {
			isa = XCConfigurationList;
			buildConfigurations = (
				C4EFF8A226A0B24400744512 /* Debug */,
				C4EFF8A326A0B24400744512 /* Release */,
			);
			defaultConfigurationIsVisible = 0;
			defaultConfigurationName = Release;
		};
/* End XCConfigurationList section */

/* Begin XCVersionGroup section */
		C4EFF89626A0B24200744512 /* Ask_Me_Anything_Version_2.xcdatamodeld */ = {
			isa = XCVersionGroup;
			children = (
				C4EFF89726A0B24200744512 /* Ask_Me_Anything_Version_2.xcdatamodel */,
			);
			currentVersion = C4EFF89726A0B24200744512 /* Ask_Me_Anything_Version_2.xcdatamodel */;
			path = Ask_Me_Anything_Version_2.xcdatamodeld;
			sourceTree = "<group>";
			versionGroupType = wrapper.xcdatamodel;
		};
/* End XCVersionGroup section */
	};
	rootObject = C4EFF88226A0B24200744512 /* Project object */;
}
